
Microsoft Visual Studio Solution File, Format Version 12.00
# Visual Studio 14
VisualStudioVersion = 14.0.25123.0
MinimumVisualStudioVersion = 10.0.40219.1
Project("{2150E333-8FDC-42A3-9474-1A3956D46DE8}") = "Application", "Application", "{A4C6341B-E043-4A6F-A580-9AEB615B3EEB}"
EndProject
Project("{2150E333-8FDC-42A3-9474-1A3956D46DE8}") = "Domain", "Domain", "{3E92EB47-41A5-4C6F-9A63-882A6C6D6185}"
EndProject
Project("{2150E333-8FDC-42A3-9474-1A3956D46DE8}") = "Infrastructure", "Infrastructure", "{729D8325-886C-46FF-AA4D-58446CD303CE}"
EndProject
Project("{2150E333-8FDC-42A3-9474-1A3956D46DE8}") = "UserInterface", "UserInterface", "{DF0258DC-48BA-4A82-8B5B-1059F3E9DCD3}"
EndProject
Project("{FAE04EC0-301F-11D3-BF4B-00C04F79EFBC}") = "WorkData.Respository", "WorkData.Respository\WorkData.Respository.csproj", "{8081EB6F-54CA-444C-9370-27BDCF73C33B}"
EndProject
Project("{FAE04EC0-301F-11D3-BF4B-00C04F79EFBC}") = "WorkData.Infrastructure", "WorkData.Infrastructure\WorkData.Infrastructure.csproj", "{D85F978C-0532-4BFB-9B23-1E4C7F802BDB}"
EndProject
Project("{FAE04EC0-301F-11D3-BF4B-00C04F79EFBC}") = "WorkData.EF.Domain", "WorkData.Ef.Domain\WorkData.EF.Domain.csproj", "{70D4AE41-B6E0-4AD0-A429-B9D1804D66FD}"
EndProject
Project("{2150E333-8FDC-42A3-9474-1A3956D46DE8}") = "Test", "Test", "{AD00453E-8FD6-42C7-AC31-5C951E72E846}"
EndProject
Project("{FAE04EC0-301F-11D3-BF4B-00C04F79EFBC}") = "WorkData.Test", "WorkData.Test\WorkData.Test.csproj", "{7BC257AB-E2F5-4975-ADDF-6EA1CA1E9A1B}"
EndProject
Project("{FAE04EC0-301F-11D3-BF4B-00C04F79EFBC}") = "WorkData.Service", "WorkData.Service\WorkData.Service.csproj", "{E63DB642-BA87-4B3B-9472-7CEA70DB689C}"
EndProject
Project("{FAE04EC0-301F-11D3-BF4B-00C04F79EFBC}") = "WorkData.Dto", "WorkData.Dto\WorkData.Dto.csproj", "{C1B4B009-95C8-4A20-A0FB-D639FA3F9994}"
EndProject
Project("{FAE04EC0-301F-11D3-BF4B-00C04F79EFBC}") = "WorkData.Code", "WorkData.Code\WorkData.Code.csproj", "{24A5E32A-9FEB-42D9-921E-8E9B7CF9CCB7}"
EndProject
Project("{FAE04EC0-301F-11D3-BF4B-00C04F79EFBC}") = "WorkData.Web", "WorkData.Web\WorkData.Web.csproj", "{743237CD-A44A-4639-A687-FA194C0A1471}"
EndProject
Project("{FAE04EC0-301F-11D3-BF4B-00C04F79EFBC}") = "WorkData.BLL", "WorkData.BLL\WorkData.BLL.csproj", "{6586B509-836F-4B1D-BC33-E0ABF2D826A1}"
EndProject
Project("{FAE04EC0-301F-11D3-BF4B-00C04F79EFBC}") = "WorkData.Util", "WorkData.Util\WorkData.Util.csproj", "{0E23559E-4A82-4F1E-B124-E5EC85D75689}"
EndProject
Global
	GlobalSection(SolutionConfigurationPlatforms) = preSolution
		Debug|Any CPU = Debug|Any CPU
		Release|Any CPU = Release|Any CPU
	EndGlobalSection
	GlobalSection(ProjectConfigurationPlatforms) = postSolution
		{8081EB6F-54CA-444C-9370-27BDCF73C33B}.Debug|Any CPU.ActiveCfg = Debug|Any CPU
		{8081EB6F-54CA-444C-9370-27BDCF73C33B}.Debug|Any CPU.Build.0 = Debug|Any CPU
		{8081EB6F-54CA-444C-9370-27BDCF73C33B}.Release|Any CPU.ActiveCfg = Release|Any CPU
		{8081EB6F-54CA-444C-9370-27BDCF73C33B}.Release|Any CPU.Build.0 = Release|Any CPU
		{D85F978C-0532-4BFB-9B23-1E4C7F802BDB}.Debug|Any CPU.ActiveCfg = Debug|Any CPU
		{D85F978C-0532-4BFB-9B23-1E4C7F802BDB}.Debug|Any CPU.Build.0 = Debug|Any CPU
		{D85F978C-0532-4BFB-9B23-1E4C7F802BDB}.Release|Any CPU.ActiveCfg = Release|Any CPU
		{D85F978C-0532-4BFB-9B23-1E4C7F802BDB}.Release|Any CPU.Build.0 = Release|Any CPU
		{70D4AE41-B6E0-4AD0-A429-B9D1804D66FD}.Debug|Any CPU.ActiveCfg = Debug|Any CPU
		{70D4AE41-B6E0-4AD0-A429-B9D1804D66FD}.Debug|Any CPU.Build.0 = Debug|Any CPU
		{70D4AE41-B6E0-4AD0-A429-B9D1804D66FD}.Release|Any CPU.ActiveCfg = Release|Any CPU
		{70D4AE41-B6E0-4AD0-A429-B9D1804D66FD}.Release|Any CPU.Build.0 = Release|Any CPU
		{7BC257AB-E2F5-4975-ADDF-6EA1CA1E9A1B}.Debug|Any CPU.ActiveCfg = Debug|Any CPU
		{7BC257AB-E2F5-4975-ADDF-6EA1CA1E9A1B}.Debug|Any CPU.Build.0 = Debug|Any CPU
		{7BC257AB-E2F5-4975-ADDF-6EA1CA1E9A1B}.Release|Any CPU.ActiveCfg = Release|Any CPU
		{7BC257AB-E2F5-4975-ADDF-6EA1CA1E9A1B}.Release|Any CPU.Build.0 = Release|Any CPU
		{E63DB642-BA87-4B3B-9472-7CEA70DB689C}.Debug|Any CPU.ActiveCfg = Debug|Any CPU
		{E63DB642-BA87-4B3B-9472-7CEA70DB689C}.Debug|Any CPU.Build.0 = Debug|Any CPU
		{E63DB642-BA87-4B3B-9472-7CEA70DB689C}.Release|Any CPU.ActiveCfg = Release|Any CPU
		{E63DB642-BA87-4B3B-9472-7CEA70DB689C}.Release|Any CPU.Build.0 = Release|Any CPU
		{C1B4B009-95C8-4A20-A0FB-D639FA3F9994}.Debug|Any CPU.ActiveCfg = Debug|Any CPU
		{C1B4B009-95C8-4A20-A0FB-D639FA3F9994}.Debug|Any CPU.Build.0 = Debug|Any CPU
		{C1B4B009-95C8-4A20-A0FB-D639FA3F9994}.Release|Any CPU.ActiveCfg = Release|Any CPU
		{C1B4B009-95C8-4A20-A0FB-D639FA3F9994}.Release|Any CPU.Build.0 = Release|Any CPU
		{24A5E32A-9FEB-42D9-921E-8E9B7CF9CCB7}.Debug|Any CPU.ActiveCfg = Debug|Any CPU
		{24A5E32A-9FEB-42D9-921E-8E9B7CF9CCB7}.Debug|Any CPU.Build.0 = Debug|Any CPU
		{24A5E32A-9FEB-42D9-921E-8E9B7CF9CCB7}.Release|Any CPU.ActiveCfg = Release|Any CPU
		{24A5E32A-9FEB-42D9-921E-8E9B7CF9CCB7}.Release|Any CPU.Build.0 = Release|Any CPU
		{743237CD-A44A-4639-A687-FA194C0A1471}.Debug|Any CPU.ActiveCfg = Debug|Any CPU
		{743237CD-A44A-4639-A687-FA194C0A1471}.Debug|Any CPU.Build.0 = Debug|Any CPU
		{743237CD-A44A-4639-A687-FA194C0A1471}.Release|Any CPU.ActiveCfg = Release|Any CPU
		{743237CD-A44A-4639-A687-FA194C0A1471}.Release|Any CPU.Build.0 = Release|Any CPU
		{6586B509-836F-4B1D-BC33-E0ABF2D826A1}.Debug|Any CPU.ActiveCfg = Debug|Any CPU
		{6586B509-836F-4B1D-BC33-E0ABF2D826A1}.Debug|Any CPU.Build.0 = Debug|Any CPU
		{6586B509-836F-4B1D-BC33-E0ABF2D826A1}.Release|Any CPU.ActiveCfg = Release|Any CPU
		{6586B509-836F-4B1D-BC33-E0ABF2D826A1}.Release|Any CPU.Build.0 = Release|Any CPU
		{0E23559E-4A82-4F1E-B124-E5EC85D75689}.Debug|Any CPU.ActiveCfg = Debug|Any CPU
		{0E23559E-4A82-4F1E-B124-E5EC85D75689}.Debug|Any CPU.Build.0 = Debug|Any CPU
		{0E23559E-4A82-4F1E-B124-E5EC85D75689}.Release|Any CPU.ActiveCfg = Release|Any CPU
		{0E23559E-4A82-4F1E-B124-E5EC85D75689}.Release|Any CPU.Build.0 = Release|Any CPU
	EndGlobalSection
	GlobalSection(SolutionProperties) = preSolution
		HideSolutionNode = FALSE
	EndGlobalSection
	GlobalSection(NestedProjects) = preSolution
		{8081EB6F-54CA-444C-9370-27BDCF73C33B} = {3E92EB47-41A5-4C6F-9A63-882A6C6D6185}
		{D85F978C-0532-4BFB-9B23-1E4C7F802BDB} = {729D8325-886C-46FF-AA4D-58446CD303CE}
		{70D4AE41-B6E0-4AD0-A429-B9D1804D66FD} = {3E92EB47-41A5-4C6F-9A63-882A6C6D6185}
		{7BC257AB-E2F5-4975-ADDF-6EA1CA1E9A1B} = {AD00453E-8FD6-42C7-AC31-5C951E72E846}
		{E63DB642-BA87-4B3B-9472-7CEA70DB689C} = {A4C6341B-E043-4A6F-A580-9AEB615B3EEB}
		{C1B4B009-95C8-4A20-A0FB-D639FA3F9994} = {A4C6341B-E043-4A6F-A580-9AEB615B3EEB}
		{24A5E32A-9FEB-42D9-921E-8E9B7CF9CCB7} = {729D8325-886C-46FF-AA4D-58446CD303CE}
		{743237CD-A44A-4639-A687-FA194C0A1471} = {DF0258DC-48BA-4A82-8B5B-1059F3E9DCD3}
		{6586B509-836F-4B1D-BC33-E0ABF2D826A1} = {A4C6341B-E043-4A6F-A580-9AEB615B3EEB}
		{0E23559E-4A82-4F1E-B124-E5EC85D75689} = {729D8325-886C-46FF-AA4D-58446CD303CE}
	EndGlobalSection
EndGlobal
